
Microsoft Visual Studio Solution File, Format Version 12.00
# Visual Studio Version 17
VisualStudioVersion = 17.14.36127.28
MinimumVisualStudioVersion = 10.0.40219.1
Project("{2150E333-8FDC-42A3-9474-1A3956D46DE8}") = "1. InterfazUsuario", "1. InterfazUsuario", "{02EA681E-C7D8-13C7-8484-4AC65E1B71E8}"
EndProject
Project("{2150E333-8FDC-42A3-9474-1A3956D46DE8}") = "2. Aplicacion", "2. Aplicacion", "{F68418D1-8FB4-4B3D-8B50-9E01114A80BA}"
EndProject
Project("{2150E333-8FDC-42A3-9474-1A3956D46DE8}") = "3. Dominio", "3. Dominio", "{BD83F822-0604-4CF7-AA13-1B312F26E0CA}"
EndProject
Project("{2150E333-8FDC-42A3-9474-1A3956D46DE8}") = "4. Infraestructura", "4. Infraestructura", "{D6C78D55-E074-425D-AF49-675F53789718}"
EndProject
Project("{FAE04EC0-301F-11D3-BF4B-00C04F79EFBC}") = "DulceFácilAPIWeb", "DulceFácilAPIWeb\DulceFácilAPIWeb.csproj", "{F9975E5F-0AFC-45D3-9A64-FB931015A913}"
	ProjectSection(ProjectDependencies) = postProject
		{14A809B1-3593-4D28-A443-39B876AAE74D} = {14A809B1-3593-4D28-A443-39B876AAE74D}
		{46651893-259F-40E8-ACCD-3CF76C4C84D9} = {46651893-259F-40E8-ACCD-3CF76C4C84D9}
		{FB6009BB-6105-48B1-AE07-EA4AC031DA4C} = {FB6009BB-6105-48B1-AE07-EA4AC031DA4C}
	EndProjectSection
EndProject
Project("{FAE04EC0-301F-11D3-BF4B-00C04F79EFBC}") = "DulceFácil.Dominio.Modelos", "DulceFácil.Dominio.Modelos\DulceFácil.Dominio.Modelos.csproj", "{14A809B1-3593-4D28-A443-39B876AAE74D}"
EndProject
Project("{FAE04EC0-301F-11D3-BF4B-00C04F79EFBC}") = "DulceFácil.Dominio.Servicio", "DulceFácil.Dominio.Servicio\DulceFácil.Dominio.Servicio.csproj", "{FB6009BB-6105-48B1-AE07-EA4AC031DA4C}"
EndProject
Project("{FAE04EC0-301F-11D3-BF4B-00C04F79EFBC}") = "DulceFácil.Aplicacion", "DulceFácil.Aplicacion\DulceFácil.Aplicacion.csproj", "{46651893-259F-40E8-ACCD-3CF76C4C84D9}"
	ProjectSection(ProjectDependencies) = postProject
		{14A809B1-3593-4D28-A443-39B876AAE74D} = {14A809B1-3593-4D28-A443-39B876AAE74D}
		{32B6B7C2-ED8F-4BD8-9874-E7B20453C74A} = {32B6B7C2-ED8F-4BD8-9874-E7B20453C74A}
		{472D44A9-6FAD-4A74-8ECA-AC41E31ADC77} = {472D44A9-6FAD-4A74-8ECA-AC41E31ADC77}
		{4ECD7A49-F4CE-4DCF-BADF-773205E08566} = {4ECD7A49-F4CE-4DCF-BADF-773205E08566}
		{6CC7AFA9-33D0-4C34-A24C-85459033373A} = {6CC7AFA9-33D0-4C34-A24C-85459033373A}
		{FB6009BB-6105-48B1-AE07-EA4AC031DA4C} = {FB6009BB-6105-48B1-AE07-EA4AC031DA4C}
	EndProjectSection
EndProject
Project("{FAE04EC0-301F-11D3-BF4B-00C04F79EFBC}") = "DulceFácil.Infraestructura.AccesoDatos", "DulceFácil.Infraestructura.AccesoDatos\DulceFácil.Infraestructura.AccesoDatos.csproj", "{4ECD7A49-F4CE-4DCF-BADF-773205E08566}"
	ProjectSection(ProjectDependencies) = postProject
		{14A809B1-3593-4D28-A443-39B876AAE74D} = {14A809B1-3593-4D28-A443-39B876AAE74D}
		{FB6009BB-6105-48B1-AE07-EA4AC031DA4C} = {FB6009BB-6105-48B1-AE07-EA4AC031DA4C}
	EndProjectSection
EndProject
Project("{FAE04EC0-301F-11D3-BF4B-00C04F79EFBC}") = "DulceFácil.Infraestructura.CrossCuting", "DulceFácil.Infraestructura.CrossCuting\DulceFácil.Infraestructura.CrossCuting.csproj", "{32B6B7C2-ED8F-4BD8-9874-E7B20453C74A}"
EndProject
Project("{FAE04EC0-301F-11D3-BF4B-00C04F79EFBC}") = "DulceFácil.Infraestructura.ServicioEmail", "DulceFácil.Infraestructura.ServicioEmail\DulceFácil.Infraestructura.ServicioEmail.csproj", "{472D44A9-6FAD-4A74-8ECA-AC41E31ADC77}"
EndProject
Project("{FAE04EC0-301F-11D3-BF4B-00C04F79EFBC}") = "DulceFácil.Infraestructura.ServicioExterno", "DulceFácil.Infraestructura.ServicioExterno\DulceFácil.Infraestructura.ServicioExterno.csproj", "{6CC7AFA9-33D0-4C34-A24C-85459033373A}"
EndProject
Project("{FAE04EC0-301F-11D3-BF4B-00C04F79EFBC}") = "DulceFácil.Aplicacion.DTO", "DulceFácil.Aplicacion.DTO\DulceFácil.Aplicacion.DTO.csproj", "{32076577-E5F9-48DB-994A-F1214A0CD41D}"
EndProject
Global
	GlobalSection(SolutionConfigurationPlatforms) = preSolution
		Debug|Any CPU = Debug|Any CPU
		Release|Any CPU = Release|Any CPU
	EndGlobalSection
	GlobalSection(ProjectConfigurationPlatforms) = postSolution
		{F9975E5F-0AFC-45D3-9A64-FB931015A913}.Debug|Any CPU.ActiveCfg = Debug|Any CPU
		{F9975E5F-0AFC-45D3-9A64-FB931015A913}.Debug|Any CPU.Build.0 = Debug|Any CPU
		{F9975E5F-0AFC-45D3-9A64-FB931015A913}.Release|Any CPU.ActiveCfg = Release|Any CPU
		{F9975E5F-0AFC-45D3-9A64-FB931015A913}.Release|Any CPU.Build.0 = Release|Any CPU
		{14A809B1-3593-4D28-A443-39B876AAE74D}.Debug|Any CPU.ActiveCfg = Debug|Any CPU
		{14A809B1-3593-4D28-A443-39B876AAE74D}.Debug|Any CPU.Build.0 = Debug|Any CPU
		{14A809B1-3593-4D28-A443-39B876AAE74D}.Release|Any CPU.ActiveCfg = Release|Any CPU
		{14A809B1-3593-4D28-A443-39B876AAE74D}.Release|Any CPU.Build.0 = Release|Any CPU
		{FB6009BB-6105-48B1-AE07-EA4AC031DA4C}.Debug|Any CPU.ActiveCfg = Debug|Any CPU
		{FB6009BB-6105-48B1-AE07-EA4AC031DA4C}.Debug|Any CPU.Build.0 = Debug|Any CPU
		{FB6009BB-6105-48B1-AE07-EA4AC031DA4C}.Release|Any CPU.ActiveCfg = Release|Any CPU
		{FB6009BB-6105-48B1-AE07-EA4AC031DA4C}.Release|Any CPU.Build.0 = Release|Any CPU
		{46651893-259F-40E8-ACCD-3CF76C4C84D9}.Debug|Any CPU.ActiveCfg = Debug|Any CPU
		{46651893-259F-40E8-ACCD-3CF76C4C84D9}.Debug|Any CPU.Build.0 = Debug|Any CPU
		{46651893-259F-40E8-ACCD-3CF76C4C84D9}.Release|Any CPU.ActiveCfg = Release|Any CPU
		{46651893-259F-40E8-ACCD-3CF76C4C84D9}.Release|Any CPU.Build.0 = Release|Any CPU
		{4ECD7A49-F4CE-4DCF-BADF-773205E08566}.Debug|Any CPU.ActiveCfg = Debug|Any CPU
		{4ECD7A49-F4CE-4DCF-BADF-773205E08566}.Debug|Any CPU.Build.0 = Debug|Any CPU
		{4ECD7A49-F4CE-4DCF-BADF-773205E08566}.Release|Any CPU.ActiveCfg = Release|Any CPU
		{4ECD7A49-F4CE-4DCF-BADF-773205E08566}.Release|Any CPU.Build.0 = Release|Any CPU
		{32B6B7C2-ED8F-4BD8-9874-E7B20453C74A}.Debug|Any CPU.ActiveCfg = Debug|Any CPU
		{32B6B7C2-ED8F-4BD8-9874-E7B20453C74A}.Debug|Any CPU.Build.0 = Debug|Any CPU
		{32B6B7C2-ED8F-4BD8-9874-E7B20453C74A}.Release|Any CPU.ActiveCfg = Release|Any CPU
		{32B6B7C2-ED8F-4BD8-9874-E7B20453C74A}.Release|Any CPU.Build.0 = Release|Any CPU
		{472D44A9-6FAD-4A74-8ECA-AC41E31ADC77}.Debug|Any CPU.ActiveCfg = Debug|Any CPU
		{472D44A9-6FAD-4A74-8ECA-AC41E31ADC77}.Debug|Any CPU.Build.0 = Debug|Any CPU
		{472D44A9-6FAD-4A74-8ECA-AC41E31ADC77}.Release|Any CPU.ActiveCfg = Release|Any CPU
		{472D44A9-6FAD-4A74-8ECA-AC41E31ADC77}.Release|Any CPU.Build.0 = Release|Any CPU
		{6CC7AFA9-33D0-4C34-A24C-85459033373A}.Debug|Any CPU.ActiveCfg = Debug|Any CPU
		{6CC7AFA9-33D0-4C34-A24C-85459033373A}.Debug|Any CPU.Build.0 = Debug|Any CPU
		{6CC7AFA9-33D0-4C34-A24C-85459033373A}.Release|Any CPU.ActiveCfg = Release|Any CPU
		{6CC7AFA9-33D0-4C34-A24C-85459033373A}.Release|Any CPU.Build.0 = Release|Any CPU
		{32076577-E5F9-48DB-994A-F1214A0CD41D}.Debug|Any CPU.ActiveCfg = Debug|Any CPU
		{32076577-E5F9-48DB-994A-F1214A0CD41D}.Debug|Any CPU.Build.0 = Debug|Any CPU
		{32076577-E5F9-48DB-994A-F1214A0CD41D}.Release|Any CPU.ActiveCfg = Release|Any CPU
		{32076577-E5F9-48DB-994A-F1214A0CD41D}.Release|Any CPU.Build.0 = Release|Any CPU
	EndGlobalSection
	GlobalSection(SolutionProperties) = preSolution
		HideSolutionNode = FALSE
	EndGlobalSection
	GlobalSection(NestedProjects) = preSolution
		{F9975E5F-0AFC-45D3-9A64-FB931015A913} = {02EA681E-C7D8-13C7-8484-4AC65E1B71E8}
		{14A809B1-3593-4D28-A443-39B876AAE74D} = {BD83F822-0604-4CF7-AA13-1B312F26E0CA}
		{FB6009BB-6105-48B1-AE07-EA4AC031DA4C} = {BD83F822-0604-4CF7-AA13-1B312F26E0CA}
		{46651893-259F-40E8-ACCD-3CF76C4C84D9} = {F68418D1-8FB4-4B3D-8B50-9E01114A80BA}
		{4ECD7A49-F4CE-4DCF-BADF-773205E08566} = {D6C78D55-E074-425D-AF49-675F53789718}
		{32B6B7C2-ED8F-4BD8-9874-E7B20453C74A} = {D6C78D55-E074-425D-AF49-675F53789718}
		{472D44A9-6FAD-4A74-8ECA-AC41E31ADC77} = {D6C78D55-E074-425D-AF49-675F53789718}
		{6CC7AFA9-33D0-4C34-A24C-85459033373A} = {D6C78D55-E074-425D-AF49-675F53789718}
		{32076577-E5F9-48DB-994A-F1214A0CD41D} = {F68418D1-8FB4-4B3D-8B50-9E01114A80BA}
	EndGlobalSection
	GlobalSection(ExtensibilityGlobals) = postSolution
		SolutionGuid = {19B6DB31-318A-442F-B11C-00EE000A4836}
	EndGlobalSection
EndGlobal
